// !$*UTF8*$!
{
	archiveVersion = 1;
	classes = {
	};
	objectVersion = 46;
	objects = {

/* Begin PBXBuildFile section */
		B395E69D19C2672C00DD7047 /* Foundation.framework in Frameworks */ = {isa = PBXBuildFile; fileRef = B395E69C19C2672C00DD7047 /* Foundation.framework */; };
		B395E69F19C2672C00DD7047 /* CoreGraphics.framework in Frameworks */ = {isa = PBXBuildFile; fileRef = B395E69E19C2672C00DD7047 /* CoreGraphics.framework */; };
		B395E6A119C2672C00DD7047 /* UIKit.framework in Frameworks */ = {isa = PBXBuildFile; fileRef = B395E6A019C2672C00DD7047 /* UIKit.framework */; };
		B395E6A719C2672C00DD7047 /* InfoPlist.strings in Resources */ = {isa = PBXBuildFile; fileRef = B395E6A519C2672C00DD7047 /* InfoPlist.strings */; };
		B395E6A919C2672C00DD7047 /* main.m in Sources */ = {isa = PBXBuildFile; fileRef = B395E6A819C2672C00DD7047 /* main.m */; };
		B395E6AD19C2672C00DD7047 /* HTRAppDelegate.m in Sources */ = {isa = PBXBuildFile; fileRef = B395E6AC19C2672C00DD7047 /* HTRAppDelegate.m */; };
		B395E6B019C2672C00DD7047 /* Main.storyboard in Resources */ = {isa = PBXBuildFile; fileRef = B395E6AE19C2672C00DD7047 /* Main.storyboard */; };
		B395E6B319C2672C00DD7047 /* HTRViewController.m in Sources */ = {isa = PBXBuildFile; fileRef = B395E6B219C2672C00DD7047 /* HTRViewController.m */; };
		B395E6B519C2672C00DD7047 /* Images.xcassets in Resources */ = {isa = PBXBuildFile; fileRef = B395E6B419C2672C00DD7047 /* Images.xcassets */; };
		B395E6BC19C2672C00DD7047 /* XCTest.framework in Frameworks */ = {isa = PBXBuildFile; fileRef = B395E6BB19C2672C00DD7047 /* XCTest.framework */; };
		B395E6BD19C2672C00DD7047 /* Foundation.framework in Frameworks */ = {isa = PBXBuildFile; fileRef = B395E69C19C2672C00DD7047 /* Foundation.framework */; };
		B395E6BE19C2672C00DD7047 /* UIKit.framework in Frameworks */ = {isa = PBXBuildFile; fileRef = B395E6A019C2672C00DD7047 /* UIKit.framework */; };
		B395E6C619C2672C00DD7047 /* InfoPlist.strings in Resources */ = {isa = PBXBuildFile; fileRef = B395E6C419C2672C00DD7047 /* InfoPlist.strings */; };
		B395E6C819C2672C00DD7047 /* HeartTrackerTests.m in Sources */ = {isa = PBXBuildFile; fileRef = B395E6C719C2672C00DD7047 /* HeartTrackerTests.m */; };
		B396D41419C26BB20021E39C /* HealthKit.framework in Frameworks */ = {isa = PBXBuildFile; fileRef = B396D41319C26BB20021E39C /* HealthKit.framework */; };
		B396D41619C26BC80021E39C /* CoreBluetooth.framework in Frameworks */ = {isa = PBXBuildFile; fileRef = B396D41519C26BC80021E39C /* CoreBluetooth.framework */; };
		B396D41919C28CDB0021E39C /* HTRHeartRateController.m in Sources */ = {isa = PBXBuildFile; fileRef = B396D41819C28CDB0021E39C /* HTRHeartRateController.m */; };
/* End PBXBuildFile section */

/* Begin PBXContainerItemProxy section */
		B395E6BF19C2672C00DD7047 /* PBXContainerItemProxy */ = {
			isa = PBXContainerItemProxy;
			containerPortal = B395E69119C2672C00DD7047 /* Project object */;
			proxyType = 1;
			remoteGlobalIDString = B395E69819C2672C00DD7047;
			remoteInfo = HeartTracker;
		};
/* End PBXContainerItemProxy section */

/* Begin PBXFileReference section */
		B395E69919C2672C00DD7047 /* HeartTracker.app */ = {isa = PBXFileReference; explicitFileType = wrapper.application; includeInIndex = 0; path = HeartTracker.app; sourceTree = BUILT_PRODUCTS_DIR; };
		B395E69C19C2672C00DD7047 /* Foundation.framework */ = {isa = PBXFileReference; lastKnownFileType = wrapper.framework; name = Foundation.framework; path = System/Library/Frameworks/Foundation.framework; sourceTree = SDKROOT; };
		B395E69E19C2672C00DD7047 /* CoreGraphics.framework */ = {isa = PBXFileReference; lastKnownFileType = wrapper.framework; name = CoreGraphics.framework; path = System/Library/Frameworks/CoreGraphics.framework; sourceTree = SDKROOT; };
		B395E6A019C2672C00DD7047 /* UIKit.framework */ = {isa = PBXFileReference; lastKnownFileType = wrapper.framework; name = UIKit.framework; path = System/Library/Frameworks/UIKit.framework; sourceTree = SDKROOT; };
		B395E6A419C2672C00DD7047 /* HeartTracker-Info.plist */ = {isa = PBXFileReference; lastKnownFileType = text.plist.xml; path = "HeartTracker-Info.plist"; sourceTree = "<group>"; };
		B395E6A619C2672C00DD7047 /* en */ = {isa = PBXFileReference; lastKnownFileType = text.plist.strings; name = en; path = en.lproj/InfoPlist.strings; sourceTree = "<group>"; };
		B395E6A819C2672C00DD7047 /* main.m */ = {isa = PBXFileReference; lastKnownFileType = sourcecode.c.objc; path = main.m; sourceTree = "<group>"; };
		B395E6AA19C2672C00DD7047 /* HeartTracker-Prefix.pch */ = {isa = PBXFileReference; lastKnownFileType = sourcecode.c.h; path = "HeartTracker-Prefix.pch"; sourceTree = "<group>"; };
		B395E6AB19C2672C00DD7047 /* HTRAppDelegate.h */ = {isa = PBXFileReference; lastKnownFileType = sourcecode.c.h; path = HTRAppDelegate.h; sourceTree = "<group>"; };
		B395E6AC19C2672C00DD7047 /* HTRAppDelegate.m */ = {isa = PBXFileReference; lastKnownFileType = sourcecode.c.objc; path = HTRAppDelegate.m; sourceTree = "<group>"; };
		B395E6AF19C2672C00DD7047 /* Base */ = {isa = PBXFileReference; lastKnownFileType = file.storyboard; name = Base; path = Base.lproj/Main.storyboard; sourceTree = "<group>"; };
		B395E6B119C2672C00DD7047 /* HTRViewController.h */ = {isa = PBXFileReference; lastKnownFileType = sourcecode.c.h; path = HTRViewController.h; sourceTree = "<group>"; };
		B395E6B219C2672C00DD7047 /* HTRViewController.m */ = {isa = PBXFileReference; lastKnownFileType = sourcecode.c.objc; path = HTRViewController.m; sourceTree = "<group>"; };
		B395E6B419C2672C00DD7047 /* Images.xcassets */ = {isa = PBXFileReference; lastKnownFileType = folder.assetcatalog; path = Images.xcassets; sourceTree = "<group>"; };
		B395E6BA19C2672C00DD7047 /* HeartTrackerTests.xctest */ = {isa = PBXFileReference; explicitFileType = wrapper.cfbundle; includeInIndex = 0; path = HeartTrackerTests.xctest; sourceTree = BUILT_PRODUCTS_DIR; };
		B395E6BB19C2672C00DD7047 /* XCTest.framework */ = {isa = PBXFileReference; lastKnownFileType = wrapper.framework; name = XCTest.framework; path = Library/Frameworks/XCTest.framework; sourceTree = DEVELOPER_DIR; };
		B395E6C319C2672C00DD7047 /* HeartTrackerTests-Info.plist */ = {isa = PBXFileReference; lastKnownFileType = text.plist.xml; path = "HeartTrackerTests-Info.plist"; sourceTree = "<group>"; };
		B395E6C519C2672C00DD7047 /* en */ = {isa = PBXFileReference; lastKnownFileType = text.plist.strings; name = en; path = en.lproj/InfoPlist.strings; sourceTree = "<group>"; };
		B395E6C719C2672C00DD7047 /* HeartTrackerTests.m */ = {isa = PBXFileReference; lastKnownFileType = sourcecode.c.objc; path = HeartTrackerTests.m; sourceTree = "<group>"; };
		B396D41219C26BB20021E39C /* HeartTracker.entitlements */ = {isa = PBXFileReference; lastKnownFileType = text.xml; path = HeartTracker.entitlements; sourceTree = "<group>"; };
		B396D41319C26BB20021E39C /* HealthKit.framework */ = {isa = PBXFileReference; lastKnownFileType = wrapper.framework; name = HealthKit.framework; path = System/Library/Frameworks/HealthKit.framework; sourceTree = SDKROOT; };
		B396D41519C26BC80021E39C /* CoreBluetooth.framework */ = {isa = PBXFileReference; lastKnownFileType = wrapper.framework; name = CoreBluetooth.framework; path = System/Library/Frameworks/CoreBluetooth.framework; sourceTree = SDKROOT; };
		B396D41719C28CDB0021E39C /* HTRHeartRateController.h */ = {isa = PBXFileReference; fileEncoding = 4; lastKnownFileType = sourcecode.c.h; path = HTRHeartRateController.h; sourceTree = "<group>"; };
		B396D41819C28CDB0021E39C /* HTRHeartRateController.m */ = {isa = PBXFileReference; fileEncoding = 4; lastKnownFileType = sourcecode.c.objc; path = HTRHeartRateController.m; sourceTree = "<group>"; };
/* End PBXFileReference section */

/* Begin PBXFrameworksBuildPhase section */
		B395E69619C2672C00DD7047 /* Frameworks */ = {
			isa = PBXFrameworksBuildPhase;
			buildActionMask = 2147483647;
			files = (
				B396D41619C26BC80021E39C /* CoreBluetooth.framework in Frameworks */,
				B395E69F19C2672C00DD7047 /* CoreGraphics.framework in Frameworks */,
				B396D41419C26BB20021E39C /* HealthKit.framework in Frameworks */,
				B395E6A119C2672C00DD7047 /* UIKit.framework in Frameworks */,
				B395E69D19C2672C00DD7047 /* Foundation.framework in Frameworks */,
			);
			runOnlyForDeploymentPostprocessing = 0;
		};
		B395E6B719C2672C00DD7047 /* Frameworks */ = {
			isa = PBXFrameworksBuildPhase;
			buildActionMask = 2147483647;
			files = (
				B395E6BC19C2672C00DD7047 /* XCTest.framework in Frameworks */,
				B395E6BE19C2672C00DD7047 /* UIKit.framework in Frameworks */,
				B395E6BD19C2672C00DD7047 /* Foundation.framework in Frameworks */,
			);
			runOnlyForDeploymentPostprocessing = 0;
		};
/* End PBXFrameworksBuildPhase section */

/* Begin PBXGroup section */
		B395E69019C2672C00DD7047 = {
			isa = PBXGroup;
			children = (
				B395E6A219C2672C00DD7047 /* HeartTracker */,
				B395E6C119C2672C00DD7047 /* HeartTrackerTests */,
				B395E69B19C2672C00DD7047 /* Frameworks */,
				B395E69A19C2672C00DD7047 /* Products */,
			);
			sourceTree = "<group>";
		};
		B395E69A19C2672C00DD7047 /* Products */ = {
			isa = PBXGroup;
			children = (
				B395E69919C2672C00DD7047 /* HeartTracker.app */,
				B395E6BA19C2672C00DD7047 /* HeartTrackerTests.xctest */,
			);
			name = Products;
			sourceTree = "<group>";
		};
		B395E69B19C2672C00DD7047 /* Frameworks */ = {
			isa = PBXGroup;
			children = (
				B396D41519C26BC80021E39C /* CoreBluetooth.framework */,
				B396D41319C26BB20021E39C /* HealthKit.framework */,
				B395E69C19C2672C00DD7047 /* Foundation.framework */,
				B395E69E19C2672C00DD7047 /* CoreGraphics.framework */,
				B395E6A019C2672C00DD7047 /* UIKit.framework */,
				B395E6BB19C2672C00DD7047 /* XCTest.framework */,
			);
			name = Frameworks;
			sourceTree = "<group>";
		};
		B395E6A219C2672C00DD7047 /* HeartTracker */ = {
			isa = PBXGroup;
			children = (
				B396D41719C28CDB0021E39C /* HTRHeartRateController.h */,
				B396D41819C28CDB0021E39C /* HTRHeartRateController.m */,
				B395E6AB19C2672C00DD7047 /* HTRAppDelegate.h */,
				B395E6AC19C2672C00DD7047 /* HTRAppDelegate.m */,
				B395E6AE19C2672C00DD7047 /* Main.storyboard */,
				B395E6B119C2672C00DD7047 /* HTRViewController.h */,
				B395E6B219C2672C00DD7047 /* HTRViewController.m */,
				B395E6B419C2672C00DD7047 /* Images.xcassets */,
				B395E6A319C2672C00DD7047 /* Supporting Files */,
			);
			path = HeartTracker;
			sourceTree = "<group>";
		};
		B395E6A319C2672C00DD7047 /* Supporting Files */ = {
			isa = PBXGroup;
			children = (
				B396D41219C26BB20021E39C /* HeartTracker.entitlements */,
				B395E6A419C2672C00DD7047 /* HeartTracker-Info.plist */,
				B395E6A519C2672C00DD7047 /* InfoPlist.strings */,
				B395E6A819C2672C00DD7047 /* main.m */,
				B395E6AA19C2672C00DD7047 /* HeartTracker-Prefix.pch */,
			);
			name = "Supporting Files";
			sourceTree = "<group>";
		};
		B395E6C119C2672C00DD7047 /* HeartTrackerTests */ = {
			isa = PBXGroup;
			children = (
				B395E6C719C2672C00DD7047 /* HeartTrackerTests.m */,
				B395E6C219C2672C00DD7047 /* Supporting Files */,
			);
			path = HeartTrackerTests;
			sourceTree = "<group>";
		};
		B395E6C219C2672C00DD7047 /* Supporting Files */ = {
			isa = PBXGroup;
			children = (
				B395E6C319C2672C00DD7047 /* HeartTrackerTests-Info.plist */,
				B395E6C419C2672C00DD7047 /* InfoPlist.strings */,
			);
			name = "Supporting Files";
			sourceTree = "<group>";
		};
/* End PBXGroup section */

/* Begin PBXNativeTarget section */
		B395E69819C2672C00DD7047 /* HeartTracker */ = {
			isa = PBXNativeTarget;
			buildConfigurationList = B395E6CB19C2672C00DD7047 /* Build configuration list for PBXNativeTarget "HeartTracker" */;
			buildPhases = (
				B395E69519C2672C00DD7047 /* Sources */,
				B395E69619C2672C00DD7047 /* Frameworks */,
				B395E69719C2672C00DD7047 /* Resources */,
			);
			buildRules = (
			);
			dependencies = (
			);
			name = HeartTracker;
			productName = HeartTracker;
			productReference = B395E69919C2672C00DD7047 /* HeartTracker.app */;
			productType = "com.apple.product-type.application";
		};
		B395E6B919C2672C00DD7047 /* HeartTrackerTests */ = {
			isa = PBXNativeTarget;
			buildConfigurationList = B395E6CE19C2672C00DD7047 /* Build configuration list for PBXNativeTarget "HeartTrackerTests" */;
			buildPhases = (
				B395E6B619C2672C00DD7047 /* Sources */,
				B395E6B719C2672C00DD7047 /* Frameworks */,
				B395E6B819C2672C00DD7047 /* Resources */,
			);
			buildRules = (
			);
			dependencies = (
				B395E6C019C2672C00DD7047 /* PBXTargetDependency */,
			);
			name = HeartTrackerTests;
			productName = HeartTrackerTests;
			productReference = B395E6BA19C2672C00DD7047 /* HeartTrackerTests.xctest */;
			productType = "com.apple.product-type.bundle.unit-test";
		};
/* End PBXNativeTarget section */

/* Begin PBXProject section */
		B395E69119C2672C00DD7047 /* Project object */ = {
			isa = PBXProject;
			attributes = {
				CLASSPREFIX = HTR;
				LastUpgradeCheck = 0510;
				ORGANIZATIONNAME = "Zeke Shearer";
				TargetAttributes = {
					B395E69819C2672C00DD7047 = {
						DevelopmentTeam = PY485E6BTK;
						SystemCapabilities = {
							com.apple.HealthKit = {
								enabled = 1;
							};
						};
					};
					B395E6B919C2672C00DD7047 = {
						TestTargetID = B395E69819C2672C00DD7047;
					};
				};
			};
			buildConfigurationList = B395E69419C2672C00DD7047 /* Build configuration list for PBXProject "HeartTracker" */;
			compatibilityVersion = "Xcode 3.2";
			developmentRegion = English;
			hasScannedForEncodings = 0;
			knownRegions = (
				en,
				Base,
			);
			mainGroup = B395E69019C2672C00DD7047;
			productRefGroup = B395E69A19C2672C00DD7047 /* Products */;
			projectDirPath = "";
			projectRoot = "";
			targets = (
				B395E69819C2672C00DD7047 /* HeartTracker */,
				B395E6B919C2672C00DD7047 /* HeartTrackerTests */,
			);
		};
/* End PBXProject section */

/* Begin PBXResourcesBuildPhase section */
		B395E69719C2672C00DD7047 /* Resources */ = {
			isa = PBXResourcesBuildPhase;
			buildActionMask = 2147483647;
			files = (
				B395E6B519C2672C00DD7047 /* Images.xcassets in Resources */,
				B395E6A719C2672C00DD7047 /* InfoPlist.strings in Resources */,
				B395E6B019C2672C00DD7047 /* Main.storyboard in Resources */,
			);
			runOnlyForDeploymentPostprocessing = 0;
		};
		B395E6B819C2672C00DD7047 /* Resources */ = {
			isa = PBXResourcesBuildPhase;
			buildActionMask = 2147483647;
			files = (
				B395E6C619C2672C00DD7047 /* InfoPlist.strings in Resources */,
			);
			runOnlyForDeploymentPostprocessing = 0;
		};
/* End PBXResourcesBuildPhase section */

/* Begin PBXSourcesBuildPhase section */
		B395E69519C2672C00DD7047 /* Sources */ = {
			isa = PBXSourcesBuildPhase;
			buildActionMask = 2147483647;
			files = (
				B395E6B319C2672C00DD7047 /* HTRViewController.m in Sources */,
				B395E6A919C2672C00DD7047 /* main.m in Sources */,
				B395E6AD19C2672C00DD7047 /* HTRAppDelegate.m in Sources */,
				B396D41919C28CDB0021E39C /* HTRHeartRateController.m in Sources */,
			);
			runOnlyForDeploymentPostprocessing = 0;
		};
		B395E6B619C2672C00DD7047 /* Sources */ = {
			isa = PBXSourcesBuildPhase;
			buildActionMask = 2147483647;
			files = (
				B395E6C819C2672C00DD7047 /* HeartTrackerTests.m in Sources */,
			);
			runOnlyForDeploymentPostprocessing = 0;
		};
/* End PBXSourcesBuildPhase section */

/* Begin PBXTargetDependency section */
		B395E6C019C2672C00DD7047 /* PBXTargetDependency */ = {
			isa = PBXTargetDependency;
			target = B395E69819C2672C00DD7047 /* HeartTracker */;
			targetProxy = B395E6BF19C2672C00DD7047 /* PBXContainerItemProxy */;
		};
/* End PBXTargetDependency section */

/* Begin PBXVariantGroup section */
		B395E6A519C2672C00DD7047 /* InfoPlist.strings */ = {
			isa = PBXVariantGroup;
			children = (
				B395E6A619C2672C00DD7047 /* en */,
			);
			name = InfoPlist.strings;
			sourceTree = "<group>";
		};
		B395E6AE19C2672C00DD7047 /* Main.storyboard */ = {
			isa = PBXVariantGroup;
			children = (
				B395E6AF19C2672C00DD7047 /* Base */,
			);
			name = Main.storyboard;
			sourceTree = "<group>";
		};
		B395E6C419C2672C00DD7047 /* InfoPlist.strings */ = {
			isa = PBXVariantGroup;
			children = (
				B395E6C519C2672C00DD7047 /* en */,
			);
			name = InfoPlist.strings;
			sourceTree = "<group>";
		};
/* End PBXVariantGroup section */

/* Begin XCBuildConfiguration section */
		B395E6C919C2672C00DD7047 /* Debug */ = {
			isa = XCBuildConfiguration;
			buildSettings = {
				ALWAYS_SEARCH_USER_PATHS = NO;
				CLANG_CXX_LANGUAGE_STANDARD = "gnu++0x";
				CLANG_CXX_LIBRARY = "libc++";
				CLANG_ENABLE_MODULES = YES;
				CLANG_ENABLE_OBJC_ARC = YES;
				CLANG_WARN_BOOL_CONVERSION = YES;
				CLANG_WARN_CONSTANT_CONVERSION = YES;
				CLANG_WARN_DIRECT_OBJC_ISA_USAGE = YES_ERROR;
				CLANG_WARN_EMPTY_BODY = YES;
				CLANG_WARN_ENUM_CONVERSION = YES;
				CLANG_WARN_INT_CONVERSION = YES;
				CLANG_WARN_OBJC_ROOT_CLASS = YES_ERROR;
				CLANG_WARN__DUPLICATE_METHOD_MATCH = YES;
				"CODE_SIGN_IDENTITY[sdk=iphoneos*]" = "iPhone Developer";
				COPY_PHASE_STRIP = NO;
				GCC_C_LANGUAGE_STANDARD = gnu99;
				GCC_DYNAMIC_NO_PIC = NO;
				GCC_OPTIMIZATION_LEVEL = 0;
				GCC_PREPROCESSOR_DEFINITIONS = (
					"DEBUG=1",
					"$(inherited)",
				);
				GCC_SYMBOLS_PRIVATE_EXTERN = NO;
				GCC_WARN_64_TO_32_BIT_CONVERSION = YES;
				GCC_WARN_ABOUT_RETURN_TYPE = YES_ERROR;
				GCC_WARN_UNDECLARED_SELECTOR = YES;
				GCC_WARN_UNINITIALIZED_AUTOS = YES_AGGRESSIVE;
				GCC_WARN_UNUSED_FUNCTION = YES;
				GCC_WARN_UNUSED_VARIABLE = YES;
				IPHONEOS_DEPLOYMENT_TARGET = 7.1;
				ONLY_ACTIVE_ARCH = YES;
				SDKROOT = iphoneos;
			};
			name = Debug;
		};
		B395E6CA19C2672C00DD7047 /* Release */ = {
			isa = XCBuildConfiguration;
			buildSettings = {
				ALWAYS_SEARCH_USER_PATHS = NO;
				CLANG_CXX_LANGUAGE_STANDARD = "gnu++0x";
				CLANG_CXX_LIBRARY = "libc++";
				CLANG_ENABLE_MODULES = YES;
				CLANG_ENABLE_OBJC_ARC = YES;
				CLANG_WARN_BOOL_CONVERSION = YES;
				CLANG_WARN_CONSTANT_CONVERSION = YES;
				CLANG_WARN_DIRECT_OBJC_ISA_USAGE = YES_ERROR;
				CLANG_WARN_EMPTY_BODY = YES;
				CLANG_WARN_ENUM_CONVERSION = YES;
				CLANG_WARN_INT_CONVERSION = YES;
				CLANG_WARN_OBJC_ROOT_CLASS = YES_ERROR;
				CLANG_WARN__DUPLICATE_METHOD_MATCH = YES;
				"CODE_SIGN_IDENTITY[sdk=iphoneos*]" = "iPhone Developer";
				COPY_PHASE_STRIP = YES;
				ENABLE_NS_ASSERTIONS = NO;
				GCC_C_LANGUAGE_STANDARD = gnu99;
				GCC_WARN_64_TO_32_BIT_CONVERSION = YES;
				GCC_WARN_ABOUT_RETURN_TYPE = YES_ERROR;
				GCC_WARN_UNDECLARED_SELECTOR = YES;
				GCC_WARN_UNINITIALIZED_AUTOS = YES_AGGRESSIVE;
				GCC_WARN_UNUSED_FUNCTION = YES;
				GCC_WARN_UNUSED_VARIABLE = YES;
				IPHONEOS_DEPLOYMENT_TARGET = 7.1;
				SDKROOT = iphoneos;
				VALIDATE_PRODUCT = YES;
			};
			name = Release;
		};
		B395E6CC19C2672C00DD7047 /* Debug */ = {
			isa = XCBuildConfiguration;
			buildSettings = {
				ASSETCATALOG_COMPILER_APPICON_NAME = AppIcon;
				ASSETCATALOG_COMPILER_LAUNCHIMAGE_NAME = LaunchImage;
				CODE_SIGN_ENTITLEMENTS = HeartTracker/HeartTracker.entitlements;
				CODE_SIGN_IDENTITY = "iPhone Developer";
				"CODE_SIGN_IDENTITY[sdk=iphoneos*]" = "iPhone Developer";
				GCC_PRECOMPILE_PREFIX_HEADER = YES;
				GCC_PREFIX_HEADER = "HeartTracker/HeartTracker-Prefix.pch";
				INFOPLIST_FILE = "HeartTracker/HeartTracker-Info.plist";
				PRODUCT_NAME = "$(TARGET_NAME)";
				PROVISIONING_PROFILE = "";
				WRAPPER_EXTENSION = app;
			};
			name = Debug;
		};
		B395E6CD19C2672C00DD7047 /* Release */ = {
			isa = XCBuildConfiguration;
			buildSettings = {
				ASSETCATALOG_COMPILER_APPICON_NAME = AppIcon;
				ASSETCATALOG_COMPILER_LAUNCHIMAGE_NAME = LaunchImage;
				CODE_SIGN_ENTITLEMENTS = HeartTracker/HeartTracker.entitlements;
				CODE_SIGN_IDENTITY = "iPhone Developer";
				"CODE_SIGN_IDENTITY[sdk=iphoneos*]" = "iPhone Developer";
				GCC_PRECOMPILE_PREFIX_HEADER = YES;
				GCC_PREFIX_HEADER = "HeartTracker/HeartTracker-Prefix.pch";
				INFOPLIST_FILE = "HeartTracker/HeartTracker-Info.plist";
				PRODUCT_NAME = "$(TARGET_NAME)";
				PROVISIONING_PROFILE = "";
				WRAPPER_EXTENSION = app;
			};
			name = Release;
		};
		B395E6CF19C2672C00DD7047 /* Debug */ = {
			isa = XCBuildConfiguration;
			buildSettings = {
				BUNDLE_LOADER = "$(BUILT_PRODUCTS_DIR)/HeartTracker.app/HeartTracker";
				FRAMEWORK_SEARCH_PATHS = (
					"$(SDKROOT)/Developer/Library/Frameworks",
					"$(inherited)",
					"$(DEVELOPER_FRAMEWORKS_DIR)",
				);
				GCC_PRECOMPILE_PREFIX_HEADER = YES;
				GCC_PREFIX_HEADER = "HeartTracker/HeartTracker-Prefix.pch";
				GCC_PREPROCESSOR_DEFINITIONS = (
					"DEBUG=1",
					"$(inherited)",
				);
				INFOPLIST_FILE = "HeartTrackerTests/HeartTrackerTests-Info.plist";
				PRODUCT_NAME = "$(TARGET_NAME)";
				TEST_HOST = "$(BUNDLE_LOADER)";
				WRAPPER_EXTENSION = xctest;
			};
			name = Debug;
		};
		B395E6D019C2672C00DD7047 /* Release */ = {
			isa = XCBuildConfiguration;
			buildSettings = {
				BUNDLE_LOADER = "$(BUILT_PRODUCTS_DIR)/HeartTracker.app/HeartTracker";
				FRAMEWORK_SEARCH_PATHS = (
					"$(SDKROOT)/Developer/Library/Frameworks",
					"$(inherited)",
					"$(DEVELOPER_FRAMEWORKS_DIR)",
				);
				GCC_PRECOMPILE_PREFIX_HEADER = YES;
				GCC_PREFIX_HEADER = "HeartTracker/HeartTracker-Prefix.pch";
				INFOPLIST_FILE = "HeartTrackerTests/HeartTrackerTests-Info.plist";
				PRODUCT_NAME = "$(TARGET_NAME)";
				TEST_HOST = "$(BUNDLE_LOADER)";
				WRAPPER_EXTENSION = xctest;
			};
			name = Release;
		};
/* End XCBuildConfiguration section */

/* Begin XCConfigurationList section */
		B395E69419C2672C00DD7047 /* Build configuration list for PBXProject "HeartTracker" */ = {
			isa = XCConfigurationList;
			buildConfigurations = (
				B395E6C919C2672C00DD7047 /* Debug */,
				B395E6CA19C2672C00DD7047 /* Release */,
			);
			defaultConfigurationIsVisible = 0;
			defaultConfigurationName = Release;
		};
		B395E6CB19C2672C00DD7047 /* Build configuration list for PBXNativeTarget "HeartTracker" */ = {
			isa = XCConfigurationList;
			buildConfigurations = (
				B395E6CC19C2672C00DD7047 /* Debug */,
				B395E6CD19C2672C00DD7047 /* Release */,
			);
			defaultConfigurationIsVisible = 0;
			defaultConfigurationName = Release;
		};
		B395E6CE19C2672C00DD7047 /* Build configuration list for PBXNativeTarget "HeartTrackerTests" */ = {
			isa = XCConfigurationList;
			buildConfigurations = (
				B395E6CF19C2672C00DD7047 /* Debug */,
				B395E6D019C2672C00DD7047 /* Release */,
			);
			defaultConfigurationIsVisible = 0;
			defaultConfigurationName = Release;
		};
/* End XCConfigurationList section */
	};
	rootObject = B395E69119C2672C00DD7047 /* Project object */;
}
